{
  "nodes": {
    "caelestia-cli": {
      "inputs": {
        "caelestia-shell": [
          "caelestia-shell"
        ],
        "nixpkgs": [
          "caelestia-shell",
          "nixpkgs"
        ]
      },
      "locked": {
        "lastModified": 1778125502,
        "narHash": "sha256-QAAO9RCR6byVJi50l8RMVJWzrsNYbXonfR6tqU93vIQ=",
        "owner": "caelestia-dots",
        "repo": "cli",
        "rev": "7b8a4281aa8b2b12745de531cce0c65d87aea2e5",
        "type": "github"
      },
      "original": {
        "owner": "caelestia-dots",
        "repo": "cli",
        "type": "github"
      }
    },
    "caelestia-shell": {
      "inputs": {
        "caelestia-cli": "caelestia-cli",
        "nixpkgs": [
          "nixpkgs"
        ],
        "quickshell": "quickshell"
      },
      "locked": {
        "lastModified": 1778381004,
        "narHash": "sha256-JwIlrajiY74obxyTMu/Ym6wOEQaCjpHwfziPK+E5u3Q=",
        "owner": "caelestia-dots",
        "repo": "shell",
        "rev": "2ca4ad4a434e91e73504debd5225e66dc5ebb2b6",
        "type": "github"
      },
      "original": {
        "owner": "caelestia-dots",
        "repo": "shell",
        "type": "github"
      }
    },
    "flake-parts": {
      "inputs": {
        "nixpkgs-lib": [
          "neovim-nightly-overlay",
          "nixpkgs"
        ]
      },
      "locked": {
        "lastModified": 1777988971,
        "narHash": "sha256-qIoWPDs+0/8JecyYgE3gpKQxW/4bLW/gp45vow9ioCQ=",
        "owner": "hercules-ci",
        "repo": "flake-parts",
        "rev": "0678d8986be1661af6bb555f3489f2fdfc31f6ff",
        "type": "github"
      },
      "original": {
        "owner": "hercules-ci",
        "repo": "flake-parts",
        "type": "github"
      }
    },
    "flake-parts_2": {
      "inputs": {
        "nixpkgs-lib": [
          "nur",
          "nixpkgs"
        ]
      },
      "locked": {
        "lastModified": 1733312601,
        "narHash": "sha256-4pDvzqnegAfRkPwO3wmwBhVi/Sye1mzps0zHWYnP88c=",
        "owner": "hercules-ci",
        "repo": "flake-parts",
        "rev": "205b12d8b7cd4802fbcb8e8ef6a0f1408781a4f9",
        "type": "github"
      },
      "original": {
        "owner": "hercules-ci",
        "repo": "flake-parts",
        "type": "github"
      }
    },
    "home-manager": {
      "inputs": {
        "nixpkgs": [
          "nixpkgs"
        ]
      },
      "locked": {
        "lastModified": 1778444552,
        "narHash": "sha256-f18pIiR9q/p1vHY93gmAum7aHhQOG49oGvAB9+lptRo=",
        "owner": "nix-community",
        "repo": "home-manager",
        "rev": "dcebe66f958673729896eec2de4abfd86ef22d21",
        "type": "github"
      },
      "original": {
        "owner": "nix-community",
        "repo": "home-manager",
        "type": "github"
      }
    },
    "home-manager_2": {
      "inputs": {
        "nixpkgs": [
          "zen-browser",
          "nixpkgs"
        ]
      },
      "locked": {
        "lastModified": 1777594677,
        "narHash": "sha256-h90sHwoRJLRvaTpZroTvU2JRHDFj0czUafM8eqLe1RI=",
        "owner": "nix-community",
        "repo": "home-manager",
        "rev": "899c08a15beae5da51a5cecd6b2b994777a948da",
        "type": "github"
      },
      "original": {
        "owner": "nix-community",
        "repo": "home-manager",
        "type": "github"
      }
    },
    "neovim-nightly-overlay": {
      "inputs": {
        "flake-parts": "flake-parts",
        "neovim-src": "neovim-src",
        "nixpkgs": "nixpkgs"
      },
      "locked": {
        "lastModified": 1778457890,
        "narHash": "sha256-U7gud2OEN/TMnWB0FIzh3y3i584/Fih2UBYBh0/HrF0=",
        "owner": "nix-community",
        "repo": "neovim-nightly-overlay",
        "rev": "ab8bfc87bc703c32519c648ae50250be73d22d70",
        "type": "github"
      },
      "original": {
        "owner": "nix-community",
        "repo": "neovim-nightly-overlay",
        "type": "github"
      }
    },
    "neovim-src": {
      "flake": false,
      "locked": {
        "lastModified": 1778437351,
        "narHash": "sha256-3JxUYjRlAeR6WGbe4nInkHXYljiEz5wemLssxKX+sQQ=",
        "owner": "neovim",
        "repo": "neovim",
        "rev": "5370eb01469622e02c5831b3c4063c02449a4c5c",
        "type": "github"
      },
      "original": {
        "owner": "neovim",
        "repo": "neovim",
        "type": "github"
      }
    },
    "nixpkgs": {
      "locked": {
        "lastModified": 1778274207,
        "narHash": "sha256-I4puXmX1iovcCHZlRmztO3vW0mAbbRvq4F8wgIMQ1MM=",
        "owner": "NixOS",
        "repo": "nixpkgs",
        "rev": "b3da656039dc7a6240f27b2ef8cc6a3ef3bccae7",
        "type": "github"
      },
      "original": {
        "owner": "NixOS",
        "ref": "nixpkgs-unstable",
        "repo": "nixpkgs",
        "type": "github"
      }
    },
    "nixpkgs_2": {
      "locked": {
        "lastModified": 1777954456,
        "narHash": "sha256-hGdgeU2Nk87RAuZyYjyDjFL6LK7dAZN5RE9+hrDTkDU=",
        "owner": "NixOS",
        "repo": "nixpkgs",
        "rev": "549bd84d6279f9852cae6225e372cc67fb91a4c1",
        "type": "github"
      },
      "original": {
        "owner": "NixOS",
        "ref": "nixos-unstable",
        "repo": "nixpkgs",
        "type": "github"
      }
    },
    "nur": {
      "inputs": {
        "flake-parts": "flake-parts_2",
        "nixpkgs": [
          "nixpkgs"
        ]
      },
      "locked": {
        "lastModified": 1778496806,
        "narHash": "sha256-Czuvf5LXjd/Ulq5ZaPWdgvS1TieHU8UIT0qDFA1WA9g=",
        "owner": "nix-community",
        "repo": "NUR",
        "rev": "6903ac702f4343cf2115351edf66e4e87c608c44",
        "type": "github"
      },
      "original": {
        "owner": "nix-community",
        "repo": "NUR",
        "type": "github"
      }
    },
    "quickshell": {
      "inputs": {
        "nixpkgs": [
          "caelestia-shell",
          "nixpkgs"
        ]
      },
      "locked": {
        "lastModified": 1778222427,
        "narHash": "sha256-6GFiP611nEJvtm+m03sMyfaVIJ9QOCi//hS+PPKyyPA=",
        "ref": "refs/heads/master",
        "rev": "d1760ed1f31c02a95b37a9bf4084129c829ebe7f",
        "revCount": 817,
        "type": "git",
        "url": "https://git.outfoxxed.me/outfoxxed/quickshell"
      },
      "original": {
        "type": "git",
        "url": "https://git.outfoxxed.me/outfoxxed/quickshell"
      }
    },
    "quickshell_2": {
      "inputs": {
        "nixpkgs": [
          "nixpkgs"
        ]
      },
      "locked": {
        "lastModified": 1778488696,
        "narHash": "sha256-QSWgYuZUCNUJ/cxmaq83WkcT7lHQDDfsPVgH+96kIl0=",
        "ref": "refs/heads/master",
        "rev": "7d1c9a9c6721606b129829134d6f614f015621e2",
        "revCount": 818,
        "type": "git",
        "url": "https://git.outfoxxed.me/outfoxxed/quickshell"
      },
      "original": {
        "type": "git",
        "url": "https://git.outfoxxed.me/outfoxxed/quickshell"
      }
    },
    "root": {
      "inputs": {
        "caelestia-shell": "caelestia-shell",
        "home-manager": "home-manager",
        "neovim-nightly-overlay": "neovim-nightly-overlay",
        "nixpkgs": "nixpkgs_2",
        "nur": "nur",
        "quickshell": "quickshell_2",
        "rust-overlay": "rust-overlay",
        "zen-browser": "zen-browser"
      }
    },
    "rust-overlay": {
      "inputs": {
        "nixpkgs": [
          "nixpkgs"
        ]
      },
      "locked": {
        "lastModified": 1778469574,
        "narHash": "sha256-NTZzJ7xJvMXOonYqut3WLUhryeZj5QuuL0ANcqS7d30=",
        "owner": "oxalica",
        "repo": "rust-overlay",
        "rev": "4852a8aa041c94af55e136cde5b8b6d42c3563e8",
        "type": "github"
      },
      "original": {
        "owner": "oxalica",
        "repo": "rust-overlay",
        "type": "github"
      }
    },
    "zen-browser": {
      "inputs": {
        "home-manager": "home-manager_2",
        "nixpkgs": [
          "nixpkgs"
        ]
      },
      "locked": {
        "lastModified": 1778394798,
        "narHash": "sha256-/jR8bModWv0ji305ecMgAB+2eaXLZiYdH+9Z4JIRkuA=",
        "owner": "0xc000022070",
        "repo": "zen-browser-flake",
        "rev": "45bc54456044b96492923739bfae633e1a4352e1",
        "type": "github"
      },
      "original": {
        "owner": "0xc000022070",
        "repo": "zen-browser-flake",
        "type": "github"
      }
    }
  },
  "root": "root",
  "version": 7
}
